// !$*UTF8*$!
{
	archiveVersion = 1;
	classes = {
	};
	objectVersion = 46;
	objects = {

/* Begin PBXBuildFile section */
		D87A6EA2186013A00073DBCC /* Foundation.framework in Frameworks */ = {isa = PBXBuildFile; fileRef = D87A6EA1186013A00073DBCC /* Foundation.framework */; };
		D87A6EA4186013A00073DBCC /* CoreGraphics.framework in Frameworks */ = {isa = PBXBuildFile; fileRef = D87A6EA3186013A00073DBCC /* CoreGraphics.framework */; };
		D87A6EA6186013A00073DBCC /* UIKit.framework in Frameworks */ = {isa = PBXBuildFile; fileRef = D87A6EA5186013A00073DBCC /* UIKit.framework */; };
		D87A6EAC186013A00073DBCC /* InfoPlist.strings in Resources */ = {isa = PBXBuildFile; fileRef = D87A6EAA186013A00073DBCC /* InfoPlist.strings */; };
		D87A6EAE186013A00073DBCC /* main.m in Sources */ = {isa = PBXBuildFile; fileRef = D87A6EAD186013A00073DBCC /* main.m */; };
		D87A6EB2186013A00073DBCC /* AppDelegate.m in Sources */ = {isa = PBXBuildFile; fileRef = D87A6EB1186013A00073DBCC /* AppDelegate.m */; };
		D87A6EB5186013A00073DBCC /* Main.storyboard in Resources */ = {isa = PBXBuildFile; fileRef = D87A6EB3186013A00073DBCC /* Main.storyboard */; };
		D87A6EB8186013A00073DBCC /* ViewController.m in Sources */ = {isa = PBXBuildFile; fileRef = D87A6EB7186013A00073DBCC /* ViewController.m */; };
		D87A6EBA186013A00073DBCC /* Images.xcassets in Resources */ = {isa = PBXBuildFile; fileRef = D87A6EB9186013A00073DBCC /* Images.xcassets */; };
		D87A6EC1186013A00073DBCC /* XCTest.framework in Frameworks */ = {isa = PBXBuildFile; fileRef = D87A6EC0186013A00073DBCC /* XCTest.framework */; };
		D87A6EC2186013A00073DBCC /* Foundation.framework in Frameworks */ = {isa = PBXBuildFile; fileRef = D87A6EA1186013A00073DBCC /* Foundation.framework */; };
		D87A6EC3186013A00073DBCC /* UIKit.framework in Frameworks */ = {isa = PBXBuildFile; fileRef = D87A6EA5186013A00073DBCC /* UIKit.framework */; };
		D87A6EDE186014040073DBCC /* EGTReviewPrompt.m in Sources */ = {isa = PBXBuildFile; fileRef = D87A6ED8186014040073DBCC /* EGTReviewPrompt.m */; };
		D87A6EDF186014040073DBCC /* EGTReviewPromptMainView.m in Sources */ = {isa = PBXBuildFile; fileRef = D87A6EDA186014040073DBCC /* EGTReviewPromptMainView.m */; };
		D87A6EE0186014040073DBCC /* EGTReviewPromptMainView~iphone.xib in Resources */ = {isa = PBXBuildFile; fileRef = D87A6EDB186014040073DBCC /* EGTReviewPromptMainView~iphone.xib */; };
		D87A6EE1186014040073DBCC /* orange_button.png in Resources */ = {isa = PBXBuildFile; fileRef = D87A6EDD186014040073DBCC /* orange_button.png */; };
/* End PBXBuildFile section */

/* Begin PBXContainerItemProxy section */
		D87A6EC4186013A00073DBCC /* PBXContainerItemProxy */ = {
			isa = PBXContainerItemProxy;
			containerPortal = D87A6E96186013A00073DBCC /* Project object */;
			proxyType = 1;
			remoteGlobalIDString = D87A6E9D186013A00073DBCC;
			remoteInfo = EGTReviewPrompt;
		};
/* End PBXContainerItemProxy section */

/* Begin PBXFileReference section */
		D87A6E9E186013A00073DBCC /* EGTReviewPrompt.app */ = {isa = PBXFileReference; explicitFileType = wrapper.application; includeInIndex = 0; path = EGTReviewPrompt.app; sourceTree = BUILT_PRODUCTS_DIR; };
		D87A6EA1186013A00073DBCC /* Foundation.framework */ = {isa = PBXFileReference; lastKnownFileType = wrapper.framework; name = Foundation.framework; path = System/Library/Frameworks/Foundation.framework; sourceTree = SDKROOT; };
		D87A6EA3186013A00073DBCC /* CoreGraphics.framework */ = {isa = PBXFileReference; lastKnownFileType = wrapper.framework; name = CoreGraphics.framework; path = System/Library/Frameworks/CoreGraphics.framework; sourceTree = SDKROOT; };
		D87A6EA5186013A00073DBCC /* UIKit.framework */ = {isa = PBXFileReference; lastKnownFileType = wrapper.framework; name = UIKit.framework; path = System/Library/Frameworks/UIKit.framework; sourceTree = SDKROOT; };
		D87A6EA9186013A00073DBCC /* EGTReviewPrompt-Info.plist */ = {isa = PBXFileReference; lastKnownFileType = text.plist.xml; path = "EGTReviewPrompt-Info.plist"; sourceTree = "<group>"; };
		D87A6EAB186013A00073DBCC /* en */ = {isa = PBXFileReference; lastKnownFileType = text.plist.strings; name = en; path = en.lproj/InfoPlist.strings; sourceTree = "<group>"; };
		D87A6EAD186013A00073DBCC /* main.m */ = {isa = PBXFileReference; lastKnownFileType = sourcecode.c.objc; path = main.m; sourceTree = "<group>"; };
		D87A6EAF186013A00073DBCC /* EGTReviewPrompt-Prefix.pch */ = {isa = PBXFileReference; lastKnownFileType = sourcecode.c.h; path = "EGTReviewPrompt-Prefix.pch"; sourceTree = "<group>"; };
		D87A6EB0186013A00073DBCC /* AppDelegate.h */ = {isa = PBXFileReference; lastKnownFileType = sourcecode.c.h; path = AppDelegate.h; sourceTree = "<group>"; };
		D87A6EB1186013A00073DBCC /* AppDelegate.m */ = {isa = PBXFileReference; lastKnownFileType = sourcecode.c.objc; path = AppDelegate.m; sourceTree = "<group>"; };
		D87A6EB4186013A00073DBCC /* Base */ = {isa = PBXFileReference; lastKnownFileType = file.storyboard; name = Base; path = Base.lproj/Main.storyboard; sourceTree = "<group>"; };
		D87A6EB6186013A00073DBCC /* ViewController.h */ = {isa = PBXFileReference; lastKnownFileType = sourcecode.c.h; path = ViewController.h; sourceTree = "<group>"; };
		D87A6EB7186013A00073DBCC /* ViewController.m */ = {isa = PBXFileReference; lastKnownFileType = sourcecode.c.objc; path = ViewController.m; sourceTree = "<group>"; };
		D87A6EB9186013A00073DBCC /* Images.xcassets */ = {isa = PBXFileReference; lastKnownFileType = folder.assetcatalog; path = Images.xcassets; sourceTree = "<group>"; };
		D87A6EBF186013A00073DBCC /* EGTReviewPromptTests.xctest */ = {isa = PBXFileReference; explicitFileType = wrapper.cfbundle; includeInIndex = 0; path = EGTReviewPromptTests.xctest; sourceTree = BUILT_PRODUCTS_DIR; };
		D87A6EC0186013A00073DBCC /* XCTest.framework */ = {isa = PBXFileReference; lastKnownFileType = wrapper.framework; name = XCTest.framework; path = Library/Frameworks/XCTest.framework; sourceTree = DEVELOPER_DIR; };
		D87A6ED7186014040073DBCC /* EGTReviewPrompt.h */ = {isa = PBXFileReference; fileEncoding = 4; lastKnownFileType = sourcecode.c.h; path = EGTReviewPrompt.h; sourceTree = "<group>"; };
		D87A6ED8186014040073DBCC /* EGTReviewPrompt.m */ = {isa = PBXFileReference; fileEncoding = 4; lastKnownFileType = sourcecode.c.objc; path = EGTReviewPrompt.m; sourceTree = "<group>"; };
		D87A6ED9186014040073DBCC /* EGTReviewPromptMainView.h */ = {isa = PBXFileReference; fileEncoding = 4; lastKnownFileType = sourcecode.c.h; path = EGTReviewPromptMainView.h; sourceTree = "<group>"; };
		D87A6EDA186014040073DBCC /* EGTReviewPromptMainView.m */ = {isa = PBXFileReference; fileEncoding = 4; lastKnownFileType = sourcecode.c.objc; path = EGTReviewPromptMainView.m; sourceTree = "<group>"; };
		D87A6EDB186014040073DBCC /* EGTReviewPromptMainView~iphone.xib */ = {isa = PBXFileReference; fileEncoding = 4; lastKnownFileType = file.xib; path = "EGTReviewPromptMainView~iphone.xib"; sourceTree = "<group>"; };
		D87A6EDD186014040073DBCC /* orange_button.png */ = {isa = PBXFileReference; lastKnownFileType = image.png; path = orange_button.png; sourceTree = "<group>"; };
/* End PBXFileReference section */

/* Begin PBXFrameworksBuildPhase section */
		D87A6E9B186013A00073DBCC /* Frameworks */ = {
			isa = PBXFrameworksBuildPhase;
			buildActionMask = 2147483647;
			files = (
				D87A6EA4186013A00073DBCC /* CoreGraphics.framework in Frameworks */,
				D87A6EA6186013A00073DBCC /* UIKit.framework in Frameworks */,
				D87A6EA2186013A00073DBCC /* Foundation.framework in Frameworks */,
			);
			runOnlyForDeploymentPostprocessing = 0;
		};
		D87A6EBC186013A00073DBCC /* Frameworks */ = {
			isa = PBXFrameworksBuildPhase;
			buildActionMask = 2147483647;
			files = (
				D87A6EC1186013A00073DBCC /* XCTest.framework in Frameworks */,
				D87A6EC3186013A00073DBCC /* UIKit.framework in Frameworks */,
				D87A6EC2186013A00073DBCC /* Foundation.framework in Frameworks */,
			);
			runOnlyForDeploymentPostprocessing = 0;
		};
/* End PBXFrameworksBuildPhase section */

/* Begin PBXGroup section */
		D87A6E95186013A00073DBCC = {
			isa = PBXGroup;
			children = (
				D87A6EA7186013A00073DBCC /* EGTReviewPrompt */,
				D87A6EA0186013A00073DBCC /* Frameworks */,
				D87A6E9F186013A00073DBCC /* Products */,
			);
			sourceTree = "<group>";
		};
		D87A6E9F186013A00073DBCC /* Products */ = {
			isa = PBXGroup;
			children = (
				D87A6E9E186013A00073DBCC /* EGTReviewPrompt.app */,
				D87A6EBF186013A00073DBCC /* EGTReviewPromptTests.xctest */,
			);
			name = Products;
			sourceTree = "<group>";
		};
		D87A6EA0186013A00073DBCC /* Frameworks */ = {
			isa = PBXGroup;
			children = (
				D87A6EA1186013A00073DBCC /* Foundation.framework */,
				D87A6EA3186013A00073DBCC /* CoreGraphics.framework */,
				D87A6EA5186013A00073DBCC /* UIKit.framework */,
				D87A6EC0186013A00073DBCC /* XCTest.framework */,
			);
			name = Frameworks;
			sourceTree = "<group>";
		};
		D87A6EA7186013A00073DBCC /* EGTReviewPrompt */ = {
			isa = PBXGroup;
			children = (
				D87A6ED6186014040073DBCC /* EGTReviewPrompt */,
				D87A6EB0186013A00073DBCC /* AppDelegate.h */,
				D87A6EB1186013A00073DBCC /* AppDelegate.m */,
				D87A6EB3186013A00073DBCC /* Main.storyboard */,
				D87A6EB6186013A00073DBCC /* ViewController.h */,
				D87A6EB7186013A00073DBCC /* ViewController.m */,
				D87A6EB9186013A00073DBCC /* Images.xcassets */,
				D87A6EA8186013A00073DBCC /* Supporting Files */,
			);
			path = EGTReviewPrompt;
			sourceTree = "<group>";
		};
		D87A6EA8186013A00073DBCC /* Supporting Files */ = {
			isa = PBXGroup;
			children = (
				D87A6EA9186013A00073DBCC /* EGTReviewPrompt-Info.plist */,
				D87A6EAA186013A00073DBCC /* InfoPlist.strings */,
				D87A6EAD186013A00073DBCC /* main.m */,
				D87A6EAF186013A00073DBCC /* EGTReviewPrompt-Prefix.pch */,
			);
			name = "Supporting Files";
			sourceTree = "<group>";
		};
		D87A6ED6186014040073DBCC /* EGTReviewPrompt */ = {
			isa = PBXGroup;
			children = (
				D87A6ED7186014040073DBCC /* EGTReviewPrompt.h */,
				D87A6ED8186014040073DBCC /* EGTReviewPrompt.m */,
				D87A6ED9186014040073DBCC /* EGTReviewPromptMainView.h */,
				D87A6EDA186014040073DBCC /* EGTReviewPromptMainView.m */,
				D87A6EDB186014040073DBCC /* EGTReviewPromptMainView~iphone.xib */,
				D87A6EDC186014040073DBCC /* Resources */,
			);
			path = EGTReviewPrompt;
			sourceTree = "<group>";
		};
		D87A6EDC186014040073DBCC /* Resources */ = {
			isa = PBXGroup;
			children = (
				D87A6EDD186014040073DBCC /* orange_button.png */,
			);
			path = Resources;
			sourceTree = "<group>";
		};
/* End PBXGroup section */

/* Begin PBXNativeTarget section */
		D87A6E9D186013A00073DBCC /* EGTReviewPrompt */ = {
			isa = PBXNativeTarget;
			buildConfigurationList = D87A6ED0186013A00073DBCC /* Build configuration list for PBXNativeTarget "EGTReviewPrompt" */;
			buildPhases = (
				D87A6E9A186013A00073DBCC /* Sources */,
				D87A6E9B186013A00073DBCC /* Frameworks */,
				D87A6E9C186013A00073DBCC /* Resources */,
			);
			buildRules = (
			);
			dependencies = (
			);
			name = EGTReviewPrompt;
			productName = EGTReviewPrompt;
			productReference = D87A6E9E186013A00073DBCC /* EGTReviewPrompt.app */;
			productType = "com.apple.product-type.application";
		};
		D87A6EBE186013A00073DBCC /* EGTReviewPromptTests */ = {
			isa = PBXNativeTarget;
			buildConfigurationList = D87A6ED3186013A00073DBCC /* Build configuration list for PBXNativeTarget "EGTReviewPromptTests" */;
			buildPhases = (
				D87A6EBB186013A00073DBCC /* Sources */,
				D87A6EBC186013A00073DBCC /* Frameworks */,
				D87A6EBD186013A00073DBCC /* Resources */,
			);
			buildRules = (
			);
			dependencies = (
				D87A6EC5186013A00073DBCC /* PBXTargetDependency */,
			);
			name = EGTReviewPromptTests;
			productName = EGTReviewPromptTests;
			productReference = D87A6EBF186013A00073DBCC /* EGTReviewPromptTests.xctest */;
			productType = "com.apple.product-type.bundle.unit-test";
		};
/* End PBXNativeTarget section */

/* Begin PBXProject section */
		D87A6E96186013A00073DBCC /* Project object */ = {
			isa = PBXProject;
			attributes = {
				LastUpgradeCheck = 0500;
				ORGANIZATIONNAME = "Trung Nguyen Van";
				TargetAttributes = {
					D87A6EBE186013A00073DBCC = {
						TestTargetID = D87A6E9D186013A00073DBCC;
					};
				};
			};
			buildConfigurationList = D87A6E99186013A00073DBCC /* Build configuration list for PBXProject "EGTReviewPrompt" */;
			compatibilityVersion = "Xcode 3.2";
			developmentRegion = English;
			hasScannedForEncodings = 0;
			knownRegions = (
				en,
				Base,
			);
			mainGroup = D87A6E95186013A00073DBCC;
			productRefGroup = D87A6E9F186013A00073DBCC /* Products */;
			projectDirPath = "";
			projectRoot = "";
			targets = (
				D87A6E9D186013A00073DBCC /* EGTReviewPrompt */,
				D87A6EBE186013A00073DBCC /* EGTReviewPromptTests */,
			);
		};
/* End PBXProject section */

/* Begin PBXResourcesBuildPhase section */
		D87A6E9C186013A00073DBCC /* Resources */ = {
			isa = PBXResourcesBuildPhase;
			buildActionMask = 2147483647;
			files = (
				D87A6EE0186014040073DBCC /* EGTReviewPromptMainView~iphone.xib in Resources */,
				D87A6EBA186013A00073DBCC /* Images.xcassets in Resources */,
				D87A6EAC186013A00073DBCC /* InfoPlist.strings in Resources */,
				D87A6EE1186014040073DBCC /* orange_button.png in Resources */,
				D87A6EB5186013A00073DBCC /* Main.storyboard in Resources */,
			);
			runOnlyForDeploymentPostprocessing = 0;
		};
		D87A6EBD186013A00073DBCC /* Resources */ = {
			isa = PBXResourcesBuildPhase;
			buildActionMask = 2147483647;
			files = (
			);
			runOnlyForDeploymentPostprocessing = 0;
		};
/* End PBXResourcesBuildPhase section */

/* Begin PBXSourcesBuildPhase section */
		D87A6E9A186013A00073DBCC /* Sources */ = {
			isa = PBXSourcesBuildPhase;
			buildActionMask = 2147483647;
			files = (
				D87A6EDF186014040073DBCC /* EGTReviewPromptMainView.m in Sources */,
				D87A6EDE186014040073DBCC /* EGTReviewPrompt.m in Sources */,
				D87A6EB8186013A00073DBCC /* ViewController.m in Sources */,
				D87A6EB2186013A00073DBCC /* AppDelegate.m in Sources */,
				D87A6EAE186013A00073DBCC /* main.m in Sources */,
			);
			runOnlyForDeploymentPostprocessing = 0;
		};
		D87A6EBB186013A00073DBCC /* Sources */ = {
			isa = PBXSourcesBuildPhase;
			buildActionMask = 2147483647;
			files = (
			);
			runOnlyForDeploymentPostprocessing = 0;
		};
/* End PBXSourcesBuildPhase section */

/* Begin PBXTargetDependency section */
		D87A6EC5186013A00073DBCC /* PBXTargetDependency */ = {
			isa = PBXTargetDependency;
			target = D87A6E9D186013A00073DBCC /* EGTReviewPrompt */;
			targetProxy = D87A6EC4186013A00073DBCC /* PBXContainerItemProxy */;
		};
/* End PBXTargetDependency section */

/* Begin PBXVariantGroup section */
		D87A6EAA186013A00073DBCC /* InfoPlist.strings */ = {
			isa = PBXVariantGroup;
			children = (
				D87A6EAB186013A00073DBCC /* en */,
			);
			name = InfoPlist.strings;
			sourceTree = "<group>";
		};
		D87A6EB3186013A00073DBCC /* Main.storyboard */ = {
			isa = PBXVariantGroup;
			children = (
				D87A6EB4186013A00073DBCC /* Base */,
			);
			name = Main.storyboard;
			sourceTree = "<group>";
		};
/* End PBXVariantGroup section */

/* Begin XCBuildConfiguration section */
		D87A6ECE186013A00073DBCC /* Debug */ = {
			isa = XCBuildConfiguration;
			buildSettings = {
				ALWAYS_SEARCH_USER_PATHS = NO;
				ARCHS = "$(ARCHS_STANDARD_INCLUDING_64_BIT)";
				CLANG_CXX_LANGUAGE_STANDARD = "gnu++0x";
				CLANG_CXX_LIBRARY = "libc++";
				CLANG_ENABLE_MODULES = YES;
				CLANG_ENABLE_OBJC_ARC = YES;
				CLANG_WARN_BOOL_CONVERSION = YES;
				CLANG_WARN_CONSTANT_CONVERSION = YES;
				CLANG_WARN_DIRECT_OBJC_ISA_USAGE = YES_ERROR;
				CLANG_WARN_EMPTY_BODY = YES;
				CLANG_WARN_ENUM_CONVERSION = YES;
				CLANG_WARN_INT_CONVERSION = YES;
				CLANG_WARN_OBJC_ROOT_CLASS = YES_ERROR;
				CLANG_WARN__DUPLICATE_METHOD_MATCH = YES;
				"CODE_SIGN_IDENTITY[sdk=iphoneos*]" = "iPhone Developer";
				COPY_PHASE_STRIP = NO;
				GCC_C_LANGUAGE_STANDARD = gnu99;
				GCC_DYNAMIC_NO_PIC = NO;
				GCC_OPTIMIZATION_LEVEL = 0;
				GCC_PREPROCESSOR_DEFINITIONS = (
					"DEBUG=1",
					"$(inherited)",
				);
				GCC_SYMBOLS_PRIVATE_EXTERN = NO;
				GCC_WARN_64_TO_32_BIT_CONVERSION = YES;
				GCC_WARN_ABOUT_RETURN_TYPE = YES_ERROR;
				GCC_WARN_UNDECLARED_SELECTOR = YES;
				GCC_WARN_UNINITIALIZED_AUTOS = YES;
				GCC_WARN_UNUSED_FUNCTION = YES;
				GCC_WARN_UNUSED_VARIABLE = YES;
				IPHONEOS_DEPLOYMENT_TARGET = 7.0;
				ONLY_ACTIVE_ARCH = YES;
				SDKROOT = iphoneos;
			};
			name = Debug;
		};
		D87A6ECF186013A00073DBCC /* Release */ = {
			isa = XCBuildConfiguration;
			buildSettings = {
				ALWAYS_SEARCH_USER_PATHS = NO;
				ARCHS = "$(ARCHS_STANDARD_INCLUDING_64_BIT)";
				CLANG_CXX_LANGUAGE_STANDARD = "gnu++0x";
				CLANG_CXX_LIBRARY = "libc++";
				CLANG_ENABLE_MODULES = YES;
				CLANG_ENABLE_OBJC_ARC = YES;
				CLANG_WARN_BOOL_CONVERSION = YES;
				CLANG_WARN_CONSTANT_CONVERSION = YES;
				CLANG_WARN_DIRECT_OBJC_ISA_USAGE = YES_ERROR;
				CLANG_WARN_EMPTY_BODY = YES;
				CLANG_WARN_ENUM_CONVERSION = YES;
				CLANG_WARN_INT_CONVERSION = YES;
				CLANG_WARN_OBJC_ROOT_CLASS = YES_ERROR;
				CLANG_WARN__DUPLICATE_METHOD_MATCH = YES;
				"CODE_SIGN_IDENTITY[sdk=iphoneos*]" = "iPhone Developer";
				COPY_PHASE_STRIP = YES;
				ENABLE_NS_ASSERTIONS = NO;
				GCC_C_LANGUAGE_STANDARD = gnu99;
				GCC_WARN_64_TO_32_BIT_CONVERSION = YES;
				GCC_WARN_ABOUT_RETURN_TYPE = YES_ERROR;
				GCC_WARN_UNDECLARED_SELECTOR = YES;
				GCC_WARN_UNINITIALIZED_AUTOS = YES;
				GCC_WARN_UNUSED_FUNCTION = YES;
				GCC_WARN_UNUSED_VARIABLE = YES;
				IPHONEOS_DEPLOYMENT_TARGET = 7.0;
				SDKROOT = iphoneos;
				VALIDATE_PRODUCT = YES;
			};
			name = Release;
		};
		D87A6ED1186013A00073DBCC /* Debug */ = {
			isa = XCBuildConfiguration;
			buildSettings = {
				ASSETCATALOG_COMPILER_APPICON_NAME = AppIcon;
				ASSETCATALOG_COMPILER_LAUNCHIMAGE_NAME = LaunchImage;
				GCC_PRECOMPILE_PREFIX_HEADER = YES;
				GCC_PREFIX_HEADER = "EGTReviewPrompt/EGTReviewPrompt-Prefix.pch";
				INFOPLIST_FILE = "EGTReviewPrompt/EGTReviewPrompt-Info.plist";
				PRODUCT_NAME = "$(TARGET_NAME)";
				WRAPPER_EXTENSION = app;
			};
			name = Debug;
		};
		D87A6ED2186013A00073DBCC /* Release */ = {
			isa = XCBuildConfiguration;
			buildSettings = {
				ASSETCATALOG_COMPILER_APPICON_NAME = AppIcon;
				ASSETCATALOG_COMPILER_LAUNCHIMAGE_NAME = LaunchImage;
				GCC_PRECOMPILE_PREFIX_HEADER = YES;
				GCC_PREFIX_HEADER = "EGTReviewPrompt/EGTReviewPrompt-Prefix.pch";
				INFOPLIST_FILE = "EGTReviewPrompt/EGTReviewPrompt-Info.plist";
				PRODUCT_NAME = "$(TARGET_NAME)";
				WRAPPER_EXTENSION = app;
			};
			name = Release;
		};
		D87A6ED4186013A00073DBCC /* Debug */ = {
			isa = XCBuildConfiguration;
			buildSettings = {
				ARCHS = "$(ARCHS_STANDARD_INCLUDING_64_BIT)";
				BUNDLE_LOADER = "$(BUILT_PRODUCTS_DIR)/EGTReviewPrompt.app/EGTReviewPrompt";
				FRAMEWORK_SEARCH_PATHS = (
					"$(SDKROOT)/Developer/Library/Frameworks",
					"$(inherited)",
					"$(DEVELOPER_FRAMEWORKS_DIR)",
				);
				GCC_PRECOMPILE_PREFIX_HEADER = YES;
				GCC_PREFIX_HEADER = "EGTReviewPrompt/EGTReviewPrompt-Prefix.pch";
				GCC_PREPROCESSOR_DEFINITIONS = (
					"DEBUG=1",
					"$(inherited)",
				);
				INFOPLIST_FILE = "EGTReviewPromptTests/EGTReviewPromptTests-Info.plist";
				PRODUCT_NAME = "$(TARGET_NAME)";
				TEST_HOST = "$(BUNDLE_LOADER)";
				WRAPPER_EXTENSION = xctest;
			};
			name = Debug;
		};
		D87A6ED5186013A00073DBCC /* Release */ = {
			isa = XCBuildConfiguration;
			buildSettings = {
				ARCHS = "$(ARCHS_STANDARD_INCLUDING_64_BIT)";
				BUNDLE_LOADER = "$(BUILT_PRODUCTS_DIR)/EGTReviewPrompt.app/EGTReviewPrompt";
				FRAMEWORK_SEARCH_PATHS = (
					"$(SDKROOT)/Developer/Library/Frameworks",
					"$(inherited)",
					"$(DEVELOPER_FRAMEWORKS_DIR)",
				);
				GCC_PRECOMPILE_PREFIX_HEADER = YES;
				GCC_PREFIX_HEADER = "EGTReviewPrompt/EGTReviewPrompt-Prefix.pch";
				INFOPLIST_FILE = "EGTReviewPromptTests/EGTReviewPromptTests-Info.plist";
				PRODUCT_NAME = "$(TARGET_NAME)";
				TEST_HOST = "$(BUNDLE_LOADER)";
				WRAPPER_EXTENSION = xctest;
			};
			name = Release;
		};
/* End XCBuildConfiguration section */

/* Begin XCConfigurationList section */
		D87A6E99186013A00073DBCC /* Build configuration list for PBXProject "EGTReviewPrompt" */ = {
			isa = XCConfigurationList;
			buildConfigurations = (
				D87A6ECE186013A00073DBCC /* Debug */,
				D87A6ECF186013A00073DBCC /* Release */,
			);
			defaultConfigurationIsVisible = 0;
			defaultConfigurationName = Release;
		};
		D87A6ED0186013A00073DBCC /* Build configuration list for PBXNativeTarget "EGTReviewPrompt" */ = {
			isa = XCConfigurationList;
			buildConfigurations = (
				D87A6ED1186013A00073DBCC /* Debug */,
				D87A6ED2186013A00073DBCC /* Release */,
			);
			defaultConfigurationIsVisible = 0;
		};
		D87A6ED3186013A00073DBCC /* Build configuration list for PBXNativeTarget "EGTReviewPromptTests" */ = {
			isa = XCConfigurationList;
			buildConfigurations = (
				D87A6ED4186013A00073DBCC /* Debug */,
				D87A6ED5186013A00073DBCC /* Release */,
			);
			defaultConfigurationIsVisible = 0;
		};
/* End XCConfigurationList section */
	};
	rootObject = D87A6E96186013A00073DBCC /* Project object */;
}
